
Microsoft Visual Studio Solution File, Format Version 12.00
# Visual Studio 2012
Project("{8BC9CEB8-8B4A-11D0-8D11-00A0C91BC942}") = "hlsl_tutorial", "hlsl_tutorial.vcxproj", "{DE7AB16C-04A3-44D8-8242-9EAA3CAF4655}"
EndProject
Global
	GlobalSection(SolutionConfigurationPlatforms) = preSolution
		Debug|Win32 = Debug|Win32
		Release|Win32 = Release|Win32
	EndGlobalSection
	GlobalSection(ProjectConfigurationPlatforms) = postSolution
		{DE7AB16C-04A3-44D8-8242-9EAA3CAF4655}.Debug|Win32.ActiveCfg = Debug|Win32
		{DE7AB16C-04A3-44D8-8242-9EAA3CAF4655}.Debug|Win32.Build.0 = Debug|Win32
		{DE7AB16C-04A3-44D8-8242-9EAA3CAF4655}.Release|Win32.ActiveCfg = Release|Win32
		{DE7AB16C-04A3-44D8-8242-9EAA3CAF4655}.Release|Win32.Build.0 = Release|Win32
	EndGlobalSection
	GlobalSection(SolutionProperties) = preSolution
		HideSolutionNode = FALSE
	EndGlobalSection
EndGlobal
